
Microsoft Visual Studio Solution File, Format Version 12.00
# Visual Studio Version 17
VisualStudioVersion = 17.0.32014.148
MinimumVisualStudioVersion = 10.0.40219.1
Project("{9A19103F-16F7-4668-BE54-9A1E7A4F7556}") = "SpriteEditor", "SpriteEditor\SpriteEditor.csproj", "{A3D59CB8-B3EF-410F-900B-D5E7B7667744}"
EndProject
Project("{9A19103F-16F7-4668-BE54-9A1E7A4F7556}") = "SpriteCommon.Tests", "SpriteEditor.Tests\SpriteCommon.Tests.csproj", "{DEC6EB3D-7E29-4343-A158-FCE359249847}"
EndProject
Project("{9A19103F-16F7-4668-BE54-9A1E7A4F7556}") = "SpriteCutter", "SpriteCutter\SpriteCutter.csproj", "{8CE32D8D-51AD-45EF-BA07-201D9BA44A4A}"
EndProject
Project("{9A19103F-16F7-4668-BE54-9A1E7A4F7556}") = "SpriteCommon", "SpriteCommon\SpriteCommon.csproj", "{C8AA92AD-46C7-440F-86AC-AF8E169B39EF}"
EndProject
Global
	GlobalSection(SolutionConfigurationPlatforms) = preSolution
		Debug|Any CPU = Debug|Any CPU
		Release|Any CPU = Release|Any CPU
	EndGlobalSection
	GlobalSection(ProjectConfigurationPlatforms) = postSolution
		{A3D59CB8-B3EF-410F-900B-D5E7B7667744}.Debug|Any CPU.ActiveCfg = Debug|Any CPU
		{A3D59CB8-B3EF-410F-900B-D5E7B7667744}.Debug|Any CPU.Build.0 = Debug|Any CPU
		{A3D59CB8-B3EF-410F-900B-D5E7B7667744}.Release|Any CPU.ActiveCfg = Release|Any CPU
		{A3D59CB8-B3EF-410F-900B-D5E7B7667744}.Release|Any CPU.Build.0 = Release|Any CPU
		{DEC6EB3D-7E29-4343-A158-FCE359249847}.Debug|Any CPU.ActiveCfg = Debug|Any CPU
		{DEC6EB3D-7E29-4343-A158-FCE359249847}.Debug|Any CPU.Build.0 = Debug|Any CPU
		{DEC6EB3D-7E29-4343-A158-FCE359249847}.Release|Any CPU.ActiveCfg = Release|Any CPU
		{DEC6EB3D-7E29-4343-A158-FCE359249847}.Release|Any CPU.Build.0 = Release|Any CPU
		{8CE32D8D-51AD-45EF-BA07-201D9BA44A4A}.Debug|Any CPU.ActiveCfg = Debug|Any CPU
		{8CE32D8D-51AD-45EF-BA07-201D9BA44A4A}.Debug|Any CPU.Build.0 = Debug|Any CPU
		{8CE32D8D-51AD-45EF-BA07-201D9BA44A4A}.Release|Any CPU.ActiveCfg = Release|Any CPU
		{8CE32D8D-51AD-45EF-BA07-201D9BA44A4A}.Release|Any CPU.Build.0 = Release|Any CPU
		{C8AA92AD-46C7-440F-86AC-AF8E169B39EF}.Debug|Any CPU.ActiveCfg = Debug|Any CPU
		{C8AA92AD-46C7-440F-86AC-AF8E169B39EF}.Debug|Any CPU.Build.0 = Debug|Any CPU
		{C8AA92AD-46C7-440F-86AC-AF8E169B39EF}.Release|Any CPU.ActiveCfg = Release|Any CPU
		{C8AA92AD-46C7-440F-86AC-AF8E169B39EF}.Release|Any CPU.Build.0 = Release|Any CPU
	EndGlobalSection
	GlobalSection(SolutionProperties) = preSolution
		HideSolutionNode = FALSE
	EndGlobalSection
	GlobalSection(ExtensibilityGlobals) = postSolution
		SolutionGuid = {CA550372-7643-431F-B730-5880EC3976F5}
	EndGlobalSection
EndGlobal
